
Microsoft Visual Studio Solution File, Format Version 12.00
# Visual Studio 15
Project("{FAE04EC0-301F-11D3-BF4B-00C04F79EFBC}") = "Assembly-CSharp", "Assembly-CSharp.csproj", "{55F0C725-7727-A4CA-87E0-29AFC4B253A0}"
EndProject
Project("{FAE04EC0-301F-11D3-BF4B-00C04F79EFBC}") = "Assembly-CSharp-firstpass", "Assembly-CSharp-firstpass.csproj", "{1B40D180-D0DD-C065-5F9B-516C2E831670}"
EndProject
Project("{FAE04EC0-301F-11D3-BF4B-00C04F79EFBC}") = "Assembly-CSharp-Editor", "Assembly-CSharp-Editor.csproj", "{912AD226-CEB7-B002-A06C-B9371B386A5F}"
EndProject
Global
	GlobalSection(SolutionConfigurationPlatforms) = preSolution
		Debug|Any CPU = Debug|Any CPU
		Release|Any CPU = Release|Any CPU
	EndGlobalSection
	GlobalSection(ProjectConfigurationPlatforms) = postSolution
		{55F0C725-7727-A4CA-87E0-29AFC4B253A0}.Debug|Any CPU.ActiveCfg = Debug|Any CPU
		{55F0C725-7727-A4CA-87E0-29AFC4B253A0}.Debug|Any CPU.Build.0 = Debug|Any CPU
		{55F0C725-7727-A4CA-87E0-29AFC4B253A0}.Release|Any CPU.ActiveCfg = Release|Any CPU
		{55F0C725-7727-A4CA-87E0-29AFC4B253A0}.Release|Any CPU.Build.0 = Release|Any CPU
		{1B40D180-D0DD-C065-5F9B-516C2E831670}.Debug|Any CPU.ActiveCfg = Debug|Any CPU
		{1B40D180-D0DD-C065-5F9B-516C2E831670}.Debug|Any CPU.Build.0 = Debug|Any CPU
		{1B40D180-D0DD-C065-5F9B-516C2E831670}.Release|Any CPU.ActiveCfg = Release|Any CPU
		{1B40D180-D0DD-C065-5F9B-516C2E831670}.Release|Any CPU.Build.0 = Release|Any CPU
		{912AD226-CEB7-B002-A06C-B9371B386A5F}.Debug|Any CPU.ActiveCfg = Debug|Any CPU
		{912AD226-CEB7-B002-A06C-B9371B386A5F}.Debug|Any CPU.Build.0 = Debug|Any CPU
		{912AD226-CEB7-B002-A06C-B9371B386A5F}.Release|Any CPU.ActiveCfg = Release|Any CPU
		{912AD226-CEB7-B002-A06C-B9371B386A5F}.Release|Any CPU.Build.0 = Release|Any CPU
	EndGlobalSection
	GlobalSection(SolutionProperties) = preSolution
		HideSolutionNode = FALSE
	EndGlobalSection
	GlobalSection(MonoDevelopProperties) = preSolution
		StartupItem = Assembly-CSharp.csproj
	EndGlobalSection
EndGlobal
